// !$*UTF8*$!
{
	archiveVersion = 1;
	classes = {
	};
	objectVersion = 50;
	objects = {

/* Begin PBXBuildFile section */
		166D1141260D06E300D60243 /* movieDBApp.swift in Sources */ = {isa = PBXBuildFile; fileRef = 166D1140260D06E300D60243 /* movieDBApp.swift */; };
		166D1143260D06E300D60243 /* ContentView.swift in Sources */ = {isa = PBXBuildFile; fileRef = 166D1142260D06E300D60243 /* ContentView.swift */; };
		166D1145260D06E400D60243 /* Assets.xcassets in Resources */ = {isa = PBXBuildFile; fileRef = 166D1144260D06E400D60243 /* Assets.xcassets */; };
		166D1148260D06E400D60243 /* Preview Assets.xcassets in Resources */ = {isa = PBXBuildFile; fileRef = 166D1147260D06E400D60243 /* Preview Assets.xcassets */; };
		166D1152260D0B0F00D60243 /* Movie.swift in Sources */ = {isa = PBXBuildFile; fileRef = 166D1151260D0B0F00D60243 /* Movie.swift */; };
		16878C79260D6B1300A2BFE0 /* SearchBar.swift in Sources */ = {isa = PBXBuildFile; fileRef = 16878C78260D6B1300A2BFE0 /* SearchBar.swift */; };
		16878C7C260E428400A2BFE0 /* AllTheMovies.swift in Sources */ = {isa = PBXBuildFile; fileRef = 16878C7B260E428400A2BFE0 /* AllTheMovies.swift */; };
		16D30892260D0CAF005BE23F /* ModelData.swift in Sources */ = {isa = PBXBuildFile; fileRef = 16D30891260D0CAF005BE23F /* ModelData.swift */; };
		16D3089A260D0DA5005BE23F /* MovieRow.swift in Sources */ = {isa = PBXBuildFile; fileRef = 16D30899260D0DA5005BE23F /* MovieRow.swift */; };
		16D3089D260D0F18005BE23F /* movieDB.json in Resources */ = {isa = PBXBuildFile; fileRef = 16D3089C260D0F18005BE23F /* movieDB.json */; };
		16D308A1260D13DA005BE23F /* RoundedEdgesImage.swift in Sources */ = {isa = PBXBuildFile; fileRef = 16D308A0260D13DA005BE23F /* RoundedEdgesImage.swift */; };
		16D308A4260D1745005BE23F /* MovieList.swift in Sources */ = {isa = PBXBuildFile; fileRef = 16D308A3260D1745005BE23F /* MovieList.swift */; };
		16D308A7260D1DD6005BE23F /* MovieColumn.swift in Sources */ = {isa = PBXBuildFile; fileRef = 16D308A6260D1DD6005BE23F /* MovieColumn.swift */; };
		16D308AA260D1EF3005BE23F /* MovieListColumn.swift in Sources */ = {isa = PBXBuildFile; fileRef = 16D308A9260D1EF3005BE23F /* MovieListColumn.swift */; };
/* End PBXBuildFile section */

/* Begin PBXFileReference section */
		166D113D260D06E300D60243 /* movieDB.app */ = {isa = PBXFileReference; explicitFileType = wrapper.application; includeInIndex = 0; path = movieDB.app; sourceTree = BUILT_PRODUCTS_DIR; };
		166D1140260D06E300D60243 /* movieDBApp.swift */ = {isa = PBXFileReference; lastKnownFileType = sourcecode.swift; path = movieDBApp.swift; sourceTree = "<group>"; };
		166D1142260D06E300D60243 /* ContentView.swift */ = {isa = PBXFileReference; lastKnownFileType = sourcecode.swift; path = ContentView.swift; sourceTree = "<group>"; };
		166D1144260D06E400D60243 /* Assets.xcassets */ = {isa = PBXFileReference; lastKnownFileType = folder.assetcatalog; path = Assets.xcassets; sourceTree = "<group>"; };
		166D1147260D06E400D60243 /* Preview Assets.xcassets */ = {isa = PBXFileReference; lastKnownFileType = folder.assetcatalog; path = "Preview Assets.xcassets"; sourceTree = "<group>"; };
		166D1149260D06E400D60243 /* Info.plist */ = {isa = PBXFileReference; lastKnownFileType = text.plist.xml; path = Info.plist; sourceTree = "<group>"; };
		166D1151260D0B0F00D60243 /* Movie.swift */ = {isa = PBXFileReference; lastKnownFileType = sourcecode.swift; path = Movie.swift; sourceTree = "<group>"; };
		16878C78260D6B1300A2BFE0 /* SearchBar.swift */ = {isa = PBXFileReference; lastKnownFileType = sourcecode.swift; path = SearchBar.swift; sourceTree = "<group>"; };
		16878C7B260E428400A2BFE0 /* AllTheMovies.swift */ = {isa = PBXFileReference; lastKnownFileType = sourcecode.swift; path = AllTheMovies.swift; sourceTree = "<group>"; };
		16D30891260D0CAF005BE23F /* ModelData.swift */ = {isa = PBXFileReference; lastKnownFileType = sourcecode.swift; path = ModelData.swift; sourceTree = "<group>"; };
		16D30899260D0DA5005BE23F /* MovieRow.swift */ = {isa = PBXFileReference; lastKnownFileType = sourcecode.swift; path = MovieRow.swift; sourceTree = "<group>"; };
		16D3089C260D0F18005BE23F /* movieDB.json */ = {isa = PBXFileReference; fileEncoding = 4; lastKnownFileType = text.json; path = movieDB.json; sourceTree = "<group>"; };
		16D308A0260D13DA005BE23F /* RoundedEdgesImage.swift */ = {isa = PBXFileReference; lastKnownFileType = sourcecode.swift; path = RoundedEdgesImage.swift; sourceTree = "<group>"; };
		16D308A3260D1745005BE23F /* MovieList.swift */ = {isa = PBXFileReference; lastKnownFileType = sourcecode.swift; path = MovieList.swift; sourceTree = "<group>"; };
		16D308A6260D1DD6005BE23F /* MovieColumn.swift */ = {isa = PBXFileReference; lastKnownFileType = sourcecode.swift; path = MovieColumn.swift; sourceTree = "<group>"; };
		16D308A9260D1EF3005BE23F /* MovieListColumn.swift */ = {isa = PBXFileReference; lastKnownFileType = sourcecode.swift; path = MovieListColumn.swift; sourceTree = "<group>"; };
/* End PBXFileReference section */

/* Begin PBXFrameworksBuildPhase section */
		166D113A260D06E300D60243 /* Frameworks */ = {
			isa = PBXFrameworksBuildPhase;
			buildActionMask = 2147483647;
			files = (
			);
			runOnlyForDeploymentPostprocessing = 0;
		};
/* End PBXFrameworksBuildPhase section */

/* Begin PBXGroup section */
		166D1134260D06E300D60243 = {
			isa = PBXGroup;
			children = (
				166D113F260D06E300D60243 /* movieDB */,
				166D113E260D06E300D60243 /* Products */,
			);
			sourceTree = "<group>";
		};
		166D113E260D06E300D60243 /* Products */ = {
			isa = PBXGroup;
			children = (
				166D113D260D06E300D60243 /* movieDB.app */,
			);
			name = Products;
			sourceTree = "<group>";
		};
		166D113F260D06E300D60243 /* movieDB */ = {
			isa = PBXGroup;
			children = (
				166D1140260D06E300D60243 /* movieDBApp.swift */,
				166D1142260D06E300D60243 /* ContentView.swift */,
				166D1150260D0AEF00D60243 /* Model */,
				16D30898260D0D7F005BE23F /* Views */,
				16D30894260D0D25005BE23F /* Resources */,
				166D1144260D06E400D60243 /* Assets.xcassets */,
				166D1149260D06E400D60243 /* Info.plist */,
				166D1146260D06E400D60243 /* Preview Content */,
			);
			path = movieDB;
			sourceTree = "<group>";
		};
		166D1146260D06E400D60243 /* Preview Content */ = {
			isa = PBXGroup;
			children = (
				166D1147260D06E400D60243 /* Preview Assets.xcassets */,
			);
			path = "Preview Content";
			sourceTree = "<group>";
		};
		166D1150260D0AEF00D60243 /* Model */ = {
			isa = PBXGroup;
			children = (
				166D1151260D0B0F00D60243 /* Movie.swift */,
				16D30891260D0CAF005BE23F /* ModelData.swift */,
			);
			path = Model;
			sourceTree = "<group>";
		};
		16D30894260D0D25005BE23F /* Resources */ = {
			isa = PBXGroup;
			children = (
				16D3089C260D0F18005BE23F /* movieDB.json */,
			);
			path = Resources;
			sourceTree = "<group>";
		};
		16D30898260D0D7F005BE23F /* Views */ = {
			isa = PBXGroup;
			children = (
				16D30899260D0DA5005BE23F /* MovieRow.swift */,
				16D308A0260D13DA005BE23F /* RoundedEdgesImage.swift */,
				16D308A3260D1745005BE23F /* MovieList.swift */,
				16D308A6260D1DD6005BE23F /* MovieColumn.swift */,
				16D308A9260D1EF3005BE23F /* MovieListColumn.swift */,
				16878C78260D6B1300A2BFE0 /* SearchBar.swift */,
				16878C7B260E428400A2BFE0 /* AllTheMovies.swift */,
			);
			path = Views;
			sourceTree = "<group>";
		};
/* End PBXGroup section */

/* Begin PBXNativeTarget section */
		166D113C260D06E300D60243 /* movieDB */ = {
			isa = PBXNativeTarget;
			buildConfigurationList = 166D114C260D06E400D60243 /* Build configuration list for PBXNativeTarget "movieDB" */;
			buildPhases = (
				166D1139260D06E300D60243 /* Sources */,
				166D113A260D06E300D60243 /* Frameworks */,
				166D113B260D06E300D60243 /* Resources */,
			);
			buildRules = (
			);
			dependencies = (
			);
			name = movieDB;
			productName = movieDB;
			productReference = 166D113D260D06E300D60243 /* movieDB.app */;
			productType = "com.apple.product-type.application";
		};
/* End PBXNativeTarget section */

/* Begin PBXProject section */
		166D1135260D06E300D60243 /* Project object */ = {
			isa = PBXProject;
			attributes = {
				LastSwiftUpdateCheck = 1240;
				LastUpgradeCheck = 1240;
				TargetAttributes = {
					166D113C260D06E300D60243 = {
						CreatedOnToolsVersion = 12.4;
					};
				};
			};
			buildConfigurationList = 166D1138260D06E300D60243 /* Build configuration list for PBXProject "movieDB" */;
			compatibilityVersion = "Xcode 9.3";
			developmentRegion = en;
			hasScannedForEncodings = 0;
			knownRegions = (
				en,
				Base,
			);
			mainGroup = 166D1134260D06E300D60243;
			productRefGroup = 166D113E260D06E300D60243 /* Products */;
			projectDirPath = "";
			projectRoot = "";
			targets = (
				166D113C260D06E300D60243 /* movieDB */,
			);
		};
/* End PBXProject section */

/* Begin PBXResourcesBuildPhase section */
		166D113B260D06E300D60243 /* Resources */ = {
			isa = PBXResourcesBuildPhase;
			buildActionMask = 2147483647;
			files = (
				166D1148260D06E400D60243 /* Preview Assets.xcassets in Resources */,
				166D1145260D06E400D60243 /* Assets.xcassets in Resources */,
				16D3089D260D0F18005BE23F /* movieDB.json in Resources */,
			);
			runOnlyForDeploymentPostprocessing = 0;
		};
/* End PBXResourcesBuildPhase section */

/* Begin PBXSourcesBuildPhase section */
		166D1139260D06E300D60243 /* Sources */ = {
			isa = PBXSourcesBuildPhase;
			buildActionMask = 2147483647;
			files = (
				16D308AA260D1EF3005BE23F /* MovieListColumn.swift in Sources */,
				166D1143260D06E300D60243 /* ContentView.swift in Sources */,
				16D3089A260D0DA5005BE23F /* MovieRow.swift in Sources */,
				16D308A7260D1DD6005BE23F /* MovieColumn.swift in Sources */,
				16D30892260D0CAF005BE23F /* ModelData.swift in Sources */,
				166D1141260D06E300D60243 /* movieDBApp.swift in Sources */,
				16D308A1260D13DA005BE23F /* RoundedEdgesImage.swift in Sources */,
				16878C79260D6B1300A2BFE0 /* SearchBar.swift in Sources */,
				16878C7C260E428400A2BFE0 /* AllTheMovies.swift in Sources */,
				166D1152260D0B0F00D60243 /* Movie.swift in Sources */,
				16D308A4260D1745005BE23F /* MovieList.swift in Sources */,
			);
			runOnlyForDeploymentPostprocessing = 0;
		};
/* End PBXSourcesBuildPhase section */

/* Begin XCBuildConfiguration section */
		166D114A260D06E400D60243 /* Debug */ = {
			isa = XCBuildConfiguration;
			buildSettings = {
				ALWAYS_SEARCH_USER_PATHS = NO;
				CLANG_ANALYZER_NONNULL = YES;
				CLANG_ANALYZER_NUMBER_OBJECT_CONVERSION = YES_AGGRESSIVE;
				CLANG_CXX_LANGUAGE_STANDARD = "gnu++14";
				CLANG_CXX_LIBRARY = "libc++";
				CLANG_ENABLE_MODULES = YES;
				CLANG_ENABLE_OBJC_ARC = YES;
				CLANG_ENABLE_OBJC_WEAK = YES;
				CLANG_WARN_BLOCK_CAPTURE_AUTORELEASING = YES;
				CLANG_WARN_BOOL_CONVERSION = YES;
				CLANG_WARN_COMMA = YES;
				CLANG_WARN_CONSTANT_CONVERSION = YES;
				CLANG_WARN_DEPRECATED_OBJC_IMPLEMENTATIONS = YES;
				CLANG_WARN_DIRECT_OBJC_ISA_USAGE = YES_ERROR;
				CLANG_WARN_DOCUMENTATION_COMMENTS = YES;
				CLANG_WARN_EMPTY_BODY = YES;
				CLANG_WARN_ENUM_CONVERSION = YES;
				CLANG_WARN_INFINITE_RECURSION = YES;
				CLANG_WARN_INT_CONVERSION = YES;
				CLANG_WARN_NON_LITERAL_NULL_CONVERSION = YES;
				CLANG_WARN_OBJC_IMPLICIT_RETAIN_SELF = YES;
				CLANG_WARN_OBJC_LITERAL_CONVERSION = YES;
				CLANG_WARN_OBJC_ROOT_CLASS = YES_ERROR;
				CLANG_WARN_QUOTED_INCLUDE_IN_FRAMEWORK_HEADER = YES;
				CLANG_WARN_RANGE_LOOP_ANALYSIS = YES;
				CLANG_WARN_STRICT_PROTOTYPES = YES;
				CLANG_WARN_SUSPICIOUS_MOVE = YES;
				CLANG_WARN_UNGUARDED_AVAILABILITY = YES_AGGRESSIVE;
				CLANG_WARN_UNREACHABLE_CODE = YES;
				CLANG_WARN__DUPLICATE_METHOD_MATCH = YES;
				COPY_PHASE_STRIP = NO;
				DEBUG_INFORMATION_FORMAT = dwarf;
				ENABLE_STRICT_OBJC_MSGSEND = YES;
				ENABLE_TESTABILITY = YES;
				GCC_C_LANGUAGE_STANDARD = gnu11;
				GCC_DYNAMIC_NO_PIC = NO;
				GCC_NO_COMMON_BLOCKS = YES;
				GCC_OPTIMIZATION_LEVEL = 0;
				GCC_PREPROCESSOR_DEFINITIONS = (
					"DEBUG=1",
					"$(inherited)",
				);
				GCC_WARN_64_TO_32_BIT_CONVERSION = YES;
				GCC_WARN_ABOUT_RETURN_TYPE = YES_ERROR;
				GCC_WARN_UNDECLARED_SELECTOR = YES;
				GCC_WARN_UNINITIALIZED_AUTOS = YES_AGGRESSIVE;
				GCC_WARN_UNUSED_FUNCTION = YES;
				GCC_WARN_UNUSED_VARIABLE = YES;
				IPHONEOS_DEPLOYMENT_TARGET = 14.4;
				MTL_ENABLE_DEBUG_INFO = INCLUDE_SOURCE;
				MTL_FAST_MATH = YES;
				ONLY_ACTIVE_ARCH = YES;
				SDKROOT = iphoneos;
				SWIFT_ACTIVE_COMPILATION_CONDITIONS = DEBUG;
				SWIFT_OPTIMIZATION_LEVEL = "-Onone";
			};
			name = Debug;
		};
		166D114B260D06E400D60243 /* Release */ = {
			isa = XCBuildConfiguration;
			buildSettings = {
				ALWAYS_SEARCH_USER_PATHS = NO;
				CLANG_ANALYZER_NONNULL = YES;
				CLANG_ANALYZER_NUMBER_OBJECT_CONVERSION = YES_AGGRESSIVE;
				CLANG_CXX_LANGUAGE_STANDARD = "gnu++14";
				CLANG_CXX_LIBRARY = "libc++";
				CLANG_ENABLE_MODULES = YES;
				CLANG_ENABLE_OBJC_ARC = YES;
				CLANG_ENABLE_OBJC_WEAK = YES;
				CLANG_WARN_BLOCK_CAPTURE_AUTORELEASING = YES;
				CLANG_WARN_BOOL_CONVERSION = YES;
				CLANG_WARN_COMMA = YES;
				CLANG_WARN_CONSTANT_CONVERSION = YES;
				CLANG_WARN_DEPRECATED_OBJC_IMPLEMENTATIONS = YES;
				CLANG_WARN_DIRECT_OBJC_ISA_USAGE = YES_ERROR;
				CLANG_WARN_DOCUMENTATION_COMMENTS = YES;
				CLANG_WARN_EMPTY_BODY = YES;
				CLANG_WARN_ENUM_CONVERSION = YES;
				CLANG_WARN_INFINITE_RECURSION = YES;
				CLANG_WARN_INT_CONVERSION = YES;
				CLANG_WARN_NON_LITERAL_NULL_CONVERSION = YES;
				CLANG_WARN_OBJC_IMPLICIT_RETAIN_SELF = YES;
				CLANG_WARN_OBJC_LITERAL_CONVERSION = YES;
				CLANG_WARN_OBJC_ROOT_CLASS = YES_ERROR;
				CLANG_WARN_QUOTED_INCLUDE_IN_FRAMEWORK_HEADER = YES;
				CLANG_WARN_RANGE_LOOP_ANALYSIS = YES;
				CLANG_WARN_STRICT_PROTOTYPES = YES;
				CLANG_WARN_SUSPICIOUS_MOVE = YES;
				CLANG_WARN_UNGUARDED_AVAILABILITY = YES_AGGRESSIVE;
				CLANG_WARN_UNREACHABLE_CODE = YES;
				CLANG_WARN__DUPLICATE_METHOD_MATCH = YES;
				COPY_PHASE_STRIP = NO;
				DEBUG_INFORMATION_FORMAT = "dwarf-with-dsym";
				ENABLE_NS_ASSERTIONS = NO;
				ENABLE_STRICT_OBJC_MSGSEND = YES;
				GCC_C_LANGUAGE_STANDARD = gnu11;
				GCC_NO_COMMON_BLOCKS = YES;
				GCC_WARN_64_TO_32_BIT_CONVERSION = YES;
				GCC_WARN_ABOUT_RETURN_TYPE = YES_ERROR;
				GCC_WARN_UNDECLARED_SELECTOR = YES;
				GCC_WARN_UNINITIALIZED_AUTOS = YES_AGGRESSIVE;
				GCC_WARN_UNUSED_FUNCTION = YES;
				GCC_WARN_UNUSED_VARIABLE = YES;
				IPHONEOS_DEPLOYMENT_TARGET = 14.4;
				MTL_ENABLE_DEBUG_INFO = NO;
				MTL_FAST_MATH = YES;
				SDKROOT = iphoneos;
				SWIFT_COMPILATION_MODE = wholemodule;
				SWIFT_OPTIMIZATION_LEVEL = "-O";
				VALIDATE_PRODUCT = YES;
			};
			name = Release;
		};
		166D114D260D06E400D60243 /* Debug */ = {
			isa = XCBuildConfiguration;
			buildSettings = {
				ASSETCATALOG_COMPILER_APPICON_NAME = AppIcon;
				ASSETCATALOG_COMPILER_GLOBAL_ACCENT_COLOR_NAME = AccentColor;
				CODE_SIGN_STYLE = Automatic;
				DEVELOPMENT_ASSET_PATHS = "\"movieDB/Preview Content\"";
				ENABLE_PREVIEWS = YES;
				INFOPLIST_FILE = movieDB/Info.plist;
				IPHONEOS_DEPLOYMENT_TARGET = 14.0;
				LD_RUNPATH_SEARCH_PATHS = (
					"$(inherited)",
					"@executable_path/Frameworks",
				);
				PRODUCT_BUNDLE_IDENTIFIER = Academy.movieDB;
				PRODUCT_NAME = "$(TARGET_NAME)";
				SWIFT_VERSION = 5.0;
				TARGETED_DEVICE_FAMILY = "1,2";
			};
			name = Debug;
		};
		166D114E260D06E400D60243 /* Release */ = {
			isa = XCBuildConfiguration;
			buildSettings = {
				ASSETCATALOG_COMPILER_APPICON_NAME = AppIcon;
				ASSETCATALOG_COMPILER_GLOBAL_ACCENT_COLOR_NAME = AccentColor;
				CODE_SIGN_STYLE = Automatic;
				DEVELOPMENT_ASSET_PATHS = "\"movieDB/Preview Content\"";
				ENABLE_PREVIEWS = YES;
				INFOPLIST_FILE = movieDB/Info.plist;
				IPHONEOS_DEPLOYMENT_TARGET = 14.0;
				LD_RUNPATH_SEARCH_PATHS = (
					"$(inherited)",
					"@executable_path/Frameworks",
				);
				PRODUCT_BUNDLE_IDENTIFIER = Academy.movieDB;
				PRODUCT_NAME = "$(TARGET_NAME)";
				SWIFT_VERSION = 5.0;
				TARGETED_DEVICE_FAMILY = "1,2";
			};
			name = Release;
		};
/* End XCBuildConfiguration section */

/* Begin XCConfigurationList section */
		166D1138260D06E300D60243 /* Build configuration list for PBXProject "movieDB" */ = {
			isa = XCConfigurationList;
			buildConfigurations = (
				166D114A260D06E400D60243 /* Debug */,
				166D114B260D06E400D60243 /* Release */,
			);
			defaultConfigurationIsVisible = 0;
			defaultConfigurationName = Release;
		};
		166D114C260D06E400D60243 /* Build configuration list for PBXNativeTarget "movieDB" */ = {
			isa = XCConfigurationList;
			buildConfigurations = (
				166D114D260D06E400D60243 /* Debug */,
				166D114E260D06E400D60243 /* Release */,
			);
			defaultConfigurationIsVisible = 0;
			defaultConfigurationName = Release;
		};
/* End XCConfigurationList section */
	};
	rootObject = 166D1135260D06E300D60243 /* Project object */;
}
